
Microsoft Visual Studio Solution File, Format Version 12.00
# Visual Studio 2013
VisualStudioVersion = 12.0.21005.1
MinimumVisualStudioVersion = 10.0.40219.1
Project("{FAE04EC0-301F-11D3-BF4B-00C04F79EFBC}") = "disatationToolkit", "disatationToolkit\disatationToolkit.csproj", "{265195EF-8B50-4FCA-BA82-9E822D27003F}"
EndProject
Project("{2150E333-8FDC-42A3-9474-1A3956D46DE8}") = "Solution Items", "Solution Items", "{34C74D23-30AB-4948-8839-4A1AD4999789}"
EndProject
Global
	GlobalSection(SolutionConfigurationPlatforms) = preSolution
		Debug|Any CPU = Debug|Any CPU
		Release|Any CPU = Release|Any CPU
	EndGlobalSection
	GlobalSection(ProjectConfigurationPlatforms) = postSolution
		{265195EF-8B50-4FCA-BA82-9E822D27003F}.Debug|Any CPU.ActiveCfg = Debug|Any CPU
		{265195EF-8B50-4FCA-BA82-9E822D27003F}.Debug|Any CPU.Build.0 = Debug|Any CPU
		{265195EF-8B50-4FCA-BA82-9E822D27003F}.Release|Any CPU.ActiveCfg = Release|Any CPU
		{265195EF-8B50-4FCA-BA82-9E822D27003F}.Release|Any CPU.Build.0 = Release|Any CPU
	EndGlobalSection
	GlobalSection(SolutionProperties) = preSolution
		HideSolutionNode = FALSE
	EndGlobalSection
	GlobalSection(ExtensibilityGlobals) = postSolution
		SolutionGuid = {A9285003-E948-4834-A900-41591F3DC903}
	EndGlobalSection
EndGlobal
